lockfileVersion: '6.0'

settings:
  autoInstallPeers: true
  excludeLinksFromLockfile: false

dependencies:
  js-convert-case:
    specifier: ^4.2.0
    version: 4.2.0

packages:

  /js-convert-case@4.2.0:
    resolution: {integrity: sha512-i4mHCxiBNj6ajjMnZnC70qAOMA8gb+YgYipy2VR7a+Q5EBgEQ2/SgSAUBdNEyObk++B4AIUiFWeDEX2ggOd8cQ==}
    dev: false
